
Microsoft Visual Studio Solution File, Format Version 12.00
# Visual Studio 15
Project("{FAE04EC0-301F-11D3-BF4B-00C04F79EFBC}") = "WineBook", "WineBook\WineBook.csproj", "{AD78755A-0708-4EF6-B2D8-4D6E98E0E5DE}"
EndProject
Global
	GlobalSection(SolutionConfigurationPlatforms) = preSolution
		Debug|Any CPU = Debug|Any CPU
		Release|Any CPU = Release|Any CPU
	EndGlobalSection
	GlobalSection(ProjectConfigurationPlatforms) = postSolution
		{AD78755A-0708-4EF6-B2D8-4D6E98E0E5DE}.Debug|Any CPU.ActiveCfg = Debug|Any CPU
		{AD78755A-0708-4EF6-B2D8-4D6E98E0E5DE}.Debug|Any CPU.Build.0 = Debug|Any CPU
		{AD78755A-0708-4EF6-B2D8-4D6E98E0E5DE}.Release|Any CPU.ActiveCfg = Release|Any CPU
		{AD78755A-0708-4EF6-B2D8-4D6E98E0E5DE}.Release|Any CPU.Build.0 = Release|Any CPU
	EndGlobalSection
EndGlobal
